
Microsoft Visual Studio Solution File, Format Version 12.00
# Visual Studio Version 17
VisualStudioVersion = 17.0.32112.339
MinimumVisualStudioVersion = 10.0.40219.1
Project("{FAE04EC0-301F-11D3-BF4B-00C04F79EFBC}") = "LectorPDF", "LectorPDF\LectorPDF.csproj", "{AD44DAA3-8670-4B62-9676-E70652E684DB}"
EndProject
Global
	GlobalSection(SolutionConfigurationPlatforms) = preSolution
		Debug|Any CPU = Debug|Any CPU
		Release|Any CPU = Release|Any CPU
	EndGlobalSection
	GlobalSection(ProjectConfigurationPlatforms) = postSolution
		{AD44DAA3-8670-4B62-9676-E70652E684DB}.Debug|Any CPU.ActiveCfg = Debug|Any CPU
		{AD44DAA3-8670-4B62-9676-E70652E684DB}.Debug|Any CPU.Build.0 = Debug|Any CPU
		{AD44DAA3-8670-4B62-9676-E70652E684DB}.Release|Any CPU.ActiveCfg = Release|Any CPU
		{AD44DAA3-8670-4B62-9676-E70652E684DB}.Release|Any CPU.Build.0 = Release|Any CPU
	EndGlobalSection
	GlobalSection(SolutionProperties) = preSolution
		HideSolutionNode = FALSE
	EndGlobalSection
	GlobalSection(ExtensibilityGlobals) = postSolution
		SolutionGuid = {0169A297-F9CA-4414-9088-187E59075962}
	EndGlobalSection
EndGlobal
